
Microsoft Visual Studio Solution File, Format Version 12.00
# Visual Studio Version 16
VisualStudioVersion = 16.0.31410.357
MinimumVisualStudioVersion = 10.0.40219.1
Project("{FAE04EC0-301F-11D3-BF4B-00C04F79EFBC}") = "AplicarHotfix", "AplicarHotfix\AplicarHotfix.csproj", "{98ADF199-032B-44CD-AFCC-CD3253ADEA29}"
EndProject
Global
	GlobalSection(SolutionConfigurationPlatforms) = preSolution
		Debug|Any CPU = Debug|Any CPU
		Release|Any CPU = Release|Any CPU
	EndGlobalSection
	GlobalSection(ProjectConfigurationPlatforms) = postSolution
		{98ADF199-032B-44CD-AFCC-CD3253ADEA29}.Debug|Any CPU.ActiveCfg = Debug|Any CPU
		{98ADF199-032B-44CD-AFCC-CD3253ADEA29}.Debug|Any CPU.Build.0 = Debug|Any CPU
		{98ADF199-032B-44CD-AFCC-CD3253ADEA29}.Release|Any CPU.ActiveCfg = Release|Any CPU
		{98ADF199-032B-44CD-AFCC-CD3253ADEA29}.Release|Any CPU.Build.0 = Release|Any CPU
	EndGlobalSection
	GlobalSection(SolutionProperties) = preSolution
		HideSolutionNode = FALSE
	EndGlobalSection
	GlobalSection(ExtensibilityGlobals) = postSolution
		SolutionGuid = {115F112A-7CB9-4AD2-9AC2-1AB8A9985F8B}
	EndGlobalSection
EndGlobal
